
Microsoft Visual Studio Solution File, Format Version 12.00
Project("{FAE04EC0-301F-11D3-BF4B-00C04F79EFBC}") = "NeekUP.PNG", "NeekUP.PNG\NeekUP.PNG.csproj", "{B12FE29D-9CFC-45EB-B843-4223AC71A60A}"
EndProject
Global
	GlobalSection(SolutionConfigurationPlatforms) = preSolution
		Debug|Any CPU = Debug|Any CPU
		Release|Any CPU = Release|Any CPU
	EndGlobalSection
	GlobalSection(ProjectConfigurationPlatforms) = postSolution
		{B12FE29D-9CFC-45EB-B843-4223AC71A60A}.Debug|Any CPU.ActiveCfg = Debug|Any CPU
		{B12FE29D-9CFC-45EB-B843-4223AC71A60A}.Debug|Any CPU.Build.0 = Debug|Any CPU
		{B12FE29D-9CFC-45EB-B843-4223AC71A60A}.Release|Any CPU.ActiveCfg = Release|Any CPU
		{B12FE29D-9CFC-45EB-B843-4223AC71A60A}.Release|Any CPU.Build.0 = Release|Any CPU
	EndGlobalSection
EndGlobal
